// !$*UTF8*$!
{
	archiveVersion = 1;
	classes = {
	};
	objectVersion = 56;
	objects = {

/* Begin PBXBuildFile section */
		0BBBFAAB2B12734B00244062 /* Constants.swift in Sources */ = {isa = PBXBuildFile; fileRef = 0BBBFAAA2B12734B00244062 /* Constants.swift */; };
		0BBBFAAE2B12745300244062 /* HomeViewModel.swift in Sources */ = {isa = PBXBuildFile; fileRef = 0BBBFAAD2B12745300244062 /* HomeViewModel.swift */; };
		0BBEE1372B1156E200FE20A7 /* AppDelegate.swift in Sources */ = {isa = PBXBuildFile; fileRef = 0BBEE1362B1156E200FE20A7 /* AppDelegate.swift */; };
		0BBEE1392B1156E200FE20A7 /* SceneDelegate.swift in Sources */ = {isa = PBXBuildFile; fileRef = 0BBEE1382B1156E200FE20A7 /* SceneDelegate.swift */; };
		0BBEE13B2B1156E200FE20A7 /* ViewController.swift in Sources */ = {isa = PBXBuildFile; fileRef = 0BBEE13A2B1156E200FE20A7 /* ViewController.swift */; };
		0BBEE13E2B1156E200FE20A7 /* Main.storyboard in Resources */ = {isa = PBXBuildFile; fileRef = 0BBEE13C2B1156E200FE20A7 /* Main.storyboard */; };
		0BBEE1402B1156E600FE20A7 /* Assets.xcassets in Resources */ = {isa = PBXBuildFile; fileRef = 0BBEE13F2B1156E600FE20A7 /* Assets.xcassets */; };
		0BBEE1432B1156E600FE20A7 /* LaunchScreen.storyboard in Resources */ = {isa = PBXBuildFile; fileRef = 0BBEE1412B1156E600FE20A7 /* LaunchScreen.storyboard */; };
		0BBEE14E2B116C6700FE20A7 /* Pokemon.swift in Sources */ = {isa = PBXBuildFile; fileRef = 0BBEE14D2B116C6700FE20A7 /* Pokemon.swift */; };
		0BBEE1502B11704000FE20A7 /* APIService.swift in Sources */ = {isa = PBXBuildFile; fileRef = 0BBEE14F2B11704000FE20A7 /* APIService.swift */; };
		0BBEE15B2B118FE700FE20A7 /* HomeView.xib in Resources */ = {isa = PBXBuildFile; fileRef = 0BBEE15A2B118FE700FE20A7 /* HomeView.xib */; };
		212944FE184B9E87B27EA270 /* Pods_Pokedex.framework in Frameworks */ = {isa = PBXBuildFile; fileRef = 70815852AAD11407EF26858F /* Pods_Pokedex.framework */; };
/* End PBXBuildFile section */

/* Begin PBXFileReference section */
		0BBBFAAA2B12734B00244062 /* Constants.swift */ = {isa = PBXFileReference; lastKnownFileType = sourcecode.swift; path = Constants.swift; sourceTree = "<group>"; };
		0BBBFAAD2B12745300244062 /* HomeViewModel.swift */ = {isa = PBXFileReference; lastKnownFileType = sourcecode.swift; path = HomeViewModel.swift; sourceTree = "<group>"; };
		0BBEE1332B1156E200FE20A7 /* Pokedex.app */ = {isa = PBXFileReference; explicitFileType = wrapper.application; includeInIndex = 0; path = Pokedex.app; sourceTree = BUILT_PRODUCTS_DIR; };
		0BBEE1362B1156E200FE20A7 /* AppDelegate.swift */ = {isa = PBXFileReference; lastKnownFileType = sourcecode.swift; path = AppDelegate.swift; sourceTree = "<group>"; };
		0BBEE1382B1156E200FE20A7 /* SceneDelegate.swift */ = {isa = PBXFileReference; lastKnownFileType = sourcecode.swift; path = SceneDelegate.swift; sourceTree = "<group>"; };
		0BBEE13A2B1156E200FE20A7 /* ViewController.swift */ = {isa = PBXFileReference; lastKnownFileType = sourcecode.swift; path = ViewController.swift; sourceTree = "<group>"; };
		0BBEE13D2B1156E200FE20A7 /* Base */ = {isa = PBXFileReference; lastKnownFileType = file.storyboard; name = Base; path = Base.lproj/Main.storyboard; sourceTree = "<group>"; };
		0BBEE13F2B1156E600FE20A7 /* Assets.xcassets */ = {isa = PBXFileReference; lastKnownFileType = folder.assetcatalog; path = Assets.xcassets; sourceTree = "<group>"; };
		0BBEE1422B1156E600FE20A7 /* Base */ = {isa = PBXFileReference; lastKnownFileType = file.storyboard; name = Base; path = Base.lproj/LaunchScreen.storyboard; sourceTree = "<group>"; };
		0BBEE1442B1156E600FE20A7 /* Info.plist */ = {isa = PBXFileReference; lastKnownFileType = text.plist.xml; path = Info.plist; sourceTree = "<group>"; };
		0BBEE14D2B116C6700FE20A7 /* Pokemon.swift */ = {isa = PBXFileReference; lastKnownFileType = sourcecode.swift; path = Pokemon.swift; sourceTree = "<group>"; };
		0BBEE14F2B11704000FE20A7 /* APIService.swift */ = {isa = PBXFileReference; lastKnownFileType = sourcecode.swift; path = APIService.swift; sourceTree = "<group>"; };
		0BBEE15A2B118FE700FE20A7 /* HomeView.xib */ = {isa = PBXFileReference; lastKnownFileType = file.xib; path = HomeView.xib; sourceTree = "<group>"; };
		277C797D22C7CEF8D93E6D1E /* Pods-Pokedex.debug.xcconfig */ = {isa = PBXFileReference; includeInIndex = 1; lastKnownFileType = text.xcconfig; name = "Pods-Pokedex.debug.xcconfig"; path = "Target Support Files/Pods-Pokedex/Pods-Pokedex.debug.xcconfig"; sourceTree = "<group>"; };
		70815852AAD11407EF26858F /* Pods_Pokedex.framework */ = {isa = PBXFileReference; explicitFileType = wrapper.framework; includeInIndex = 0; path = Pods_Pokedex.framework; sourceTree = BUILT_PRODUCTS_DIR; };
		AF669DCFFA425185BE184397 /* Pods-Pokedex.release.xcconfig */ = {isa = PBXFileReference; includeInIndex = 1; lastKnownFileType = text.xcconfig; name = "Pods-Pokedex.release.xcconfig"; path = "Target Support Files/Pods-Pokedex/Pods-Pokedex.release.xcconfig"; sourceTree = "<group>"; };
/* End PBXFileReference section */

/* Begin PBXFrameworksBuildPhase section */
		0BBEE1302B1156E200FE20A7 /* Frameworks */ = {
			isa = PBXFrameworksBuildPhase;
			buildActionMask = 2147483647;
			files = (
				212944FE184B9E87B27EA270 /* Pods_Pokedex.framework in Frameworks */,
			);
			runOnlyForDeploymentPostprocessing = 0;
		};
/* End PBXFrameworksBuildPhase section */

/* Begin PBXGroup section */
		0BBBFAA92B12733200244062 /* Utilities */ = {
			isa = PBXGroup;
			children = (
				0BBBFAAA2B12734B00244062 /* Constants.swift */,
			);
			path = Utilities;
			sourceTree = "<group>";
		};
		0BBBFAAC2B12743700244062 /* ViewModel */ = {
			isa = PBXGroup;
			children = (
				0BBBFAAD2B12745300244062 /* HomeViewModel.swift */,
			);
			path = ViewModel;
			sourceTree = "<group>";
		};
		0BBEE12A2B1156E100FE20A7 = {
			isa = PBXGroup;
			children = (
				0BBEE1352B1156E200FE20A7 /* Pokedex */,
				0BBEE1342B1156E200FE20A7 /* Products */,
				A1A7A9BF8ED8FCC4C0A0849F /* Pods */,
				51276E3CC532C0023C63216E /* Frameworks */,
			);
			sourceTree = "<group>";
		};
		0BBEE1342B1156E200FE20A7 /* Products */ = {
			isa = PBXGroup;
			children = (
				0BBEE1332B1156E200FE20A7 /* Pokedex.app */,
			);
			name = Products;
			sourceTree = "<group>";
		};
		0BBEE1352B1156E200FE20A7 /* Pokedex */ = {
			isa = PBXGroup;
			children = (
				0BBBFAAC2B12743700244062 /* ViewModel */,
				0BBBFAA92B12733200244062 /* Utilities */,
				0BBEE1532B1188FE00FE20A7 /* Controlles */,
				0BBEE1522B1188E900FE20A7 /* View */,
				0BBEE14B2B116C1700FE20A7 /* Model */,
				0BBEE14A2B116C0A00FE20A7 /* API */,
				0BBEE1362B1156E200FE20A7 /* AppDelegate.swift */,
				0BBEE1382B1156E200FE20A7 /* SceneDelegate.swift */,
				0BBEE13C2B1156E200FE20A7 /* Main.storyboard */,
				0BBEE13F2B1156E600FE20A7 /* Assets.xcassets */,
				0BBEE1412B1156E600FE20A7 /* LaunchScreen.storyboard */,
				0BBEE1442B1156E600FE20A7 /* Info.plist */,
			);
			path = Pokedex;
			sourceTree = "<group>";
		};
		0BBEE14A2B116C0A00FE20A7 /* API */ = {
			isa = PBXGroup;
			children = (
				0BBEE14F2B11704000FE20A7 /* APIService.swift */,
			);
			path = API;
			sourceTree = "<group>";
		};
		0BBEE14B2B116C1700FE20A7 /* Model */ = {
			isa = PBXGroup;
			children = (
				0BBEE14D2B116C6700FE20A7 /* Pokemon.swift */,
			);
			path = Model;
			sourceTree = "<group>";
		};
		0BBEE1522B1188E900FE20A7 /* View */ = {
			isa = PBXGroup;
			children = (
				0BBEE15A2B118FE700FE20A7 /* HomeView.xib */,
			);
			path = View;
			sourceTree = "<group>";
		};
		0BBEE1532B1188FE00FE20A7 /* Controlles */ = {
			isa = PBXGroup;
			children = (
				0BBEE13A2B1156E200FE20A7 /* ViewController.swift */,
			);
			path = Controlles;
			sourceTree = "<group>";
		};
		51276E3CC532C0023C63216E /* Frameworks */ = {
			isa = PBXGroup;
			children = (
				70815852AAD11407EF26858F /* Pods_Pokedex.framework */,
			);
			name = Frameworks;
			sourceTree = "<group>";
		};
		A1A7A9BF8ED8FCC4C0A0849F /* Pods */ = {
			isa = PBXGroup;
			children = (
				277C797D22C7CEF8D93E6D1E /* Pods-Pokedex.debug.xcconfig */,
				AF669DCFFA425185BE184397 /* Pods-Pokedex.release.xcconfig */,
			);
			path = Pods;
			sourceTree = "<group>";
		};
/* End PBXGroup section */

/* Begin PBXNativeTarget section */
		0BBEE1322B1156E200FE20A7 /* Pokedex */ = {
			isa = PBXNativeTarget;
			buildConfigurationList = 0BBEE1472B1156E600FE20A7 /* Build configuration list for PBXNativeTarget "Pokedex" */;
			buildPhases = (
				D12D826D37152263CF4C809E /* [CP] Check Pods Manifest.lock */,
				0BBEE12F2B1156E200FE20A7 /* Sources */,
				0BBEE1302B1156E200FE20A7 /* Frameworks */,
				0BBEE1312B1156E200FE20A7 /* Resources */,
				65B530EA20C28C663BD8588D /* [CP] Embed Pods Frameworks */,
			);
			buildRules = (
			);
			dependencies = (
			);
			name = Pokedex;
			productName = Pokedex;
			productReference = 0BBEE1332B1156E200FE20A7 /* Pokedex.app */;
			productType = "com.apple.product-type.application";
		};
/* End PBXNativeTarget section */

/* Begin PBXProject section */
		0BBEE12B2B1156E100FE20A7 /* Project object */ = {
			isa = PBXProject;
			attributes = {
				BuildIndependentTargetsInParallel = 1;
				LastSwiftUpdateCheck = 1420;
				LastUpgradeCheck = 1420;
				TargetAttributes = {
					0BBEE1322B1156E200FE20A7 = {
						CreatedOnToolsVersion = 14.2;
					};
				};
			};
			buildConfigurationList = 0BBEE12E2B1156E100FE20A7 /* Build configuration list for PBXProject "Pokedex" */;
			compatibilityVersion = "Xcode 14.0";
			developmentRegion = en;
			hasScannedForEncodings = 0;
			knownRegions = (
				en,
				Base,
			);
			mainGroup = 0BBEE12A2B1156E100FE20A7;
			productRefGroup = 0BBEE1342B1156E200FE20A7 /* Products */;
			projectDirPath = "";
			projectRoot = "";
			targets = (
				0BBEE1322B1156E200FE20A7 /* Pokedex */,
			);
		};
/* End PBXProject section */

/* Begin PBXResourcesBuildPhase section */
		0BBEE1312B1156E200FE20A7 /* Resources */ = {
			isa = PBXResourcesBuildPhase;
			buildActionMask = 2147483647;
			files = (
				0BBEE1432B1156E600FE20A7 /* LaunchScreen.storyboard in Resources */,
				0BBEE15B2B118FE700FE20A7 /* HomeView.xib in Resources */,
				0BBEE1402B1156E600FE20A7 /* Assets.xcassets in Resources */,
				0BBEE13E2B1156E200FE20A7 /* Main.storyboard in Resources */,
			);
			runOnlyForDeploymentPostprocessing = 0;
		};
/* End PBXResourcesBuildPhase section */

/* Begin PBXShellScriptBuildPhase section */
		65B530EA20C28C663BD8588D /* [CP] Embed Pods Frameworks */ = {
			isa = PBXShellScriptBuildPhase;
			buildActionMask = 2147483647;
			files = (
			);
			inputFileListPaths = (
				"${PODS_ROOT}/Target Support Files/Pods-Pokedex/Pods-Pokedex-frameworks-${CONFIGURATION}-input-files.xcfilelist",
			);
			name = "[CP] Embed Pods Frameworks";
			outputFileListPaths = (
				"${PODS_ROOT}/Target Support Files/Pods-Pokedex/Pods-Pokedex-frameworks-${CONFIGURATION}-output-files.xcfilelist",
			);
			runOnlyForDeploymentPostprocessing = 0;
			shellPath = /bin/sh;
			shellScript = "\"${PODS_ROOT}/Target Support Files/Pods-Pokedex/Pods-Pokedex-frameworks.sh\"\n";
			showEnvVarsInLog = 0;
		};
		D12D826D37152263CF4C809E /* [CP] Check Pods Manifest.lock */ = {
			isa = PBXShellScriptBuildPhase;
			buildActionMask = 2147483647;
			files = (
			);
			inputFileListPaths = (
			);
			inputPaths = (
				"${PODS_PODFILE_DIR_PATH}/Podfile.lock",
				"${PODS_ROOT}/Manifest.lock",
			);
			name = "[CP] Check Pods Manifest.lock";
			outputFileListPaths = (
			);
			outputPaths = (
				"$(DERIVED_FILE_DIR)/Pods-Pokedex-checkManifestLockResult.txt",
			);
			runOnlyForDeploymentPostprocessing = 0;
			shellPath = /bin/sh;
			shellScript = "diff \"${PODS_PODFILE_DIR_PATH}/Podfile.lock\" \"${PODS_ROOT}/Manifest.lock\" > /dev/null\nif [ $? != 0 ] ; then\n    # print error to STDERR\n    echo \"error: The sandbox is not in sync with the Podfile.lock. Run 'pod install' or update your CocoaPods installation.\" >&2\n    exit 1\nfi\n# This output is used by Xcode 'outputs' to avoid re-running this script phase.\necho \"SUCCESS\" > \"${SCRIPT_OUTPUT_FILE_0}\"\n";
			showEnvVarsInLog = 0;
		};
/* End PBXShellScriptBuildPhase section */

/* Begin PBXSourcesBuildPhase section */
		0BBEE12F2B1156E200FE20A7 /* Sources */ = {
			isa = PBXSourcesBuildPhase;
			buildActionMask = 2147483647;
			files = (
				0BBEE13B2B1156E200FE20A7 /* ViewController.swift in Sources */,
				0BBEE1502B11704000FE20A7 /* APIService.swift in Sources */,
				0BBEE14E2B116C6700FE20A7 /* Pokemon.swift in Sources */,
				0BBBFAAE2B12745300244062 /* HomeViewModel.swift in Sources */,
				0BBEE1372B1156E200FE20A7 /* AppDelegate.swift in Sources */,
				0BBEE1392B1156E200FE20A7 /* SceneDelegate.swift in Sources */,
				0BBBFAAB2B12734B00244062 /* Constants.swift in Sources */,
			);
			runOnlyForDeploymentPostprocessing = 0;
		};
/* End PBXSourcesBuildPhase section */

/* Begin PBXVariantGroup section */
		0BBEE13C2B1156E200FE20A7 /* Main.storyboard */ = {
			isa = PBXVariantGroup;
			children = (
				0BBEE13D2B1156E200FE20A7 /* Base */,
			);
			name = Main.storyboard;
			sourceTree = "<group>";
		};
		0BBEE1412B1156E600FE20A7 /* LaunchScreen.storyboard */ = {
			isa = PBXVariantGroup;
			children = (
				0BBEE1422B1156E600FE20A7 /* Base */,
			);
			name = LaunchScreen.storyboard;
			sourceTree = "<group>";
		};
/* End PBXVariantGroup section */

/* Begin XCBuildConfiguration section */
		0BBEE1452B1156E600FE20A7 /* Debug */ = {
			isa = XCBuildConfiguration;
			buildSettings = {
				ALWAYS_SEARCH_USER_PATHS = NO;
				CLANG_ANALYZER_NONNULL = YES;
				CLANG_ANALYZER_NUMBER_OBJECT_CONVERSION = YES_AGGRESSIVE;
				CLANG_CXX_LANGUAGE_STANDARD = "gnu++20";
				CLANG_ENABLE_MODULES = YES;
				CLANG_ENABLE_OBJC_ARC = YES;
				CLANG_ENABLE_OBJC_WEAK = YES;
				CLANG_WARN_BLOCK_CAPTURE_AUTORELEASING = YES;
				CLANG_WARN_BOOL_CONVERSION = YES;
				CLANG_WARN_COMMA = YES;
				CLANG_WARN_CONSTANT_CONVERSION = YES;
				CLANG_WARN_DEPRECATED_OBJC_IMPLEMENTATIONS = YES;
				CLANG_WARN_DIRECT_OBJC_ISA_USAGE = YES_ERROR;
				CLANG_WARN_DOCUMENTATION_COMMENTS = YES;
				CLANG_WARN_EMPTY_BODY = YES;
				CLANG_WARN_ENUM_CONVERSION = YES;
				CLANG_WARN_INFINITE_RECURSION = YES;
				CLANG_WARN_INT_CONVERSION = YES;
				CLANG_WARN_NON_LITERAL_NULL_CONVERSION = YES;
				CLANG_WARN_OBJC_IMPLICIT_RETAIN_SELF = YES;
				CLANG_WARN_OBJC_LITERAL_CONVERSION = YES;
				CLANG_WARN_OBJC_ROOT_CLASS = YES_ERROR;
				CLANG_WARN_QUOTED_INCLUDE_IN_FRAMEWORK_HEADER = YES;
				CLANG_WARN_RANGE_LOOP_ANALYSIS = YES;
				CLANG_WARN_STRICT_PROTOTYPES = YES;
				CLANG_WARN_SUSPICIOUS_MOVE = YES;
				CLANG_WARN_UNGUARDED_AVAILABILITY = YES_AGGRESSIVE;
				CLANG_WARN_UNREACHABLE_CODE = YES;
				CLANG_WARN__DUPLICATE_METHOD_MATCH = YES;
				COPY_PHASE_STRIP = NO;
				DEBUG_INFORMATION_FORMAT = dwarf;
				ENABLE_STRICT_OBJC_MSGSEND = YES;
				ENABLE_TESTABILITY = YES;
				GCC_C_LANGUAGE_STANDARD = gnu11;
				GCC_DYNAMIC_NO_PIC = NO;
				GCC_NO_COMMON_BLOCKS = YES;
				GCC_OPTIMIZATION_LEVEL = 0;
				GCC_PREPROCESSOR_DEFINITIONS = (
					"DEBUG=1",
					"$(inherited)",
				);
				GCC_WARN_64_TO_32_BIT_CONVERSION = YES;
				GCC_WARN_ABOUT_RETURN_TYPE = YES_ERROR;
				GCC_WARN_UNDECLARED_SELECTOR = YES;
				GCC_WARN_UNINITIALIZED_AUTOS = YES_AGGRESSIVE;
				GCC_WARN_UNUSED_FUNCTION = YES;
				GCC_WARN_UNUSED_VARIABLE = YES;
				IPHONEOS_DEPLOYMENT_TARGET = 16.2;
				MTL_ENABLE_DEBUG_INFO = INCLUDE_SOURCE;
				MTL_FAST_MATH = YES;
				ONLY_ACTIVE_ARCH = YES;
				SDKROOT = iphoneos;
				SWIFT_ACTIVE_COMPILATION_CONDITIONS = DEBUG;
				SWIFT_OPTIMIZATION_LEVEL = "-Onone";
			};
			name = Debug;
		};
		0BBEE1462B1156E600FE20A7 /* Release */ = {
			isa = XCBuildConfiguration;
			buildSettings = {
				ALWAYS_SEARCH_USER_PATHS = NO;
				CLANG_ANALYZER_NONNULL = YES;
				CLANG_ANALYZER_NUMBER_OBJECT_CONVERSION = YES_AGGRESSIVE;
				CLANG_CXX_LANGUAGE_STANDARD = "gnu++20";
				CLANG_ENABLE_MODULES = YES;
				CLANG_ENABLE_OBJC_ARC = YES;
				CLANG_ENABLE_OBJC_WEAK = YES;
				CLANG_WARN_BLOCK_CAPTURE_AUTORELEASING = YES;
				CLANG_WARN_BOOL_CONVERSION = YES;
				CLANG_WARN_COMMA = YES;
				CLANG_WARN_CONSTANT_CONVERSION = YES;
				CLANG_WARN_DEPRECATED_OBJC_IMPLEMENTATIONS = YES;
				CLANG_WARN_DIRECT_OBJC_ISA_USAGE = YES_ERROR;
				CLANG_WARN_DOCUMENTATION_COMMENTS = YES;
				CLANG_WARN_EMPTY_BODY = YES;
				CLANG_WARN_ENUM_CONVERSION = YES;
				CLANG_WARN_INFINITE_RECURSION = YES;
				CLANG_WARN_INT_CONVERSION = YES;
				CLANG_WARN_NON_LITERAL_NULL_CONVERSION = YES;
				CLANG_WARN_OBJC_IMPLICIT_RETAIN_SELF = YES;
				CLANG_WARN_OBJC_LITERAL_CONVERSION = YES;
				CLANG_WARN_OBJC_ROOT_CLASS = YES_ERROR;
				CLANG_WARN_QUOTED_INCLUDE_IN_FRAMEWORK_HEADER = YES;
				CLANG_WARN_RANGE_LOOP_ANALYSIS = YES;
				CLANG_WARN_STRICT_PROTOTYPES = YES;
				CLANG_WARN_SUSPICIOUS_MOVE = YES;
				CLANG_WARN_UNGUARDED_AVAILABILITY = YES_AGGRESSIVE;
				CLANG_WARN_UNREACHABLE_CODE = YES;
				CLANG_WARN__DUPLICATE_METHOD_MATCH = YES;
				COPY_PHASE_STRIP = NO;
				DEBUG_INFORMATION_FORMAT = "dwarf-with-dsym";
				ENABLE_NS_ASSERTIONS = NO;
				ENABLE_STRICT_OBJC_MSGSEND = YES;
				GCC_C_LANGUAGE_STANDARD = gnu11;
				GCC_NO_COMMON_BLOCKS = YES;
				GCC_WARN_64_TO_32_BIT_CONVERSION = YES;
				GCC_WARN_ABOUT_RETURN_TYPE = YES_ERROR;
				GCC_WARN_UNDECLARED_SELECTOR = YES;
				GCC_WARN_UNINITIALIZED_AUTOS = YES_AGGRESSIVE;
				GCC_WARN_UNUSED_FUNCTION = YES;
				GCC_WARN_UNUSED_VARIABLE = YES;
				IPHONEOS_DEPLOYMENT_TARGET = 16.2;
				MTL_ENABLE_DEBUG_INFO = NO;
				MTL_FAST_MATH = YES;
				SDKROOT = iphoneos;
				SWIFT_COMPILATION_MODE = wholemodule;
				SWIFT_OPTIMIZATION_LEVEL = "-O";
				VALIDATE_PRODUCT = YES;
			};
			name = Release;
		};
		0BBEE1482B1156E600FE20A7 /* Debug */ = {
			isa = XCBuildConfiguration;
			baseConfigurationReference = 277C797D22C7CEF8D93E6D1E /* Pods-Pokedex.debug.xcconfig */;
			buildSettings = {
				ASSETCATALOG_COMPILER_APPICON_NAME = AppIcon;
				ASSETCATALOG_COMPILER_GLOBAL_ACCENT_COLOR_NAME = AccentColor;
				CODE_SIGN_STYLE = Automatic;
				CURRENT_PROJECT_VERSION = 1;
				DEVELOPMENT_TEAM = 9CWTM4F934;
				GENERATE_INFOPLIST_FILE = YES;
				INFOPLIST_FILE = Pokedex/Info.plist;
				INFOPLIST_KEY_UIApplicationSupportsIndirectInputEvents = YES;
				INFOPLIST_KEY_UILaunchStoryboardName = LaunchScreen;
				INFOPLIST_KEY_UIMainStoryboardFile = Main;
				INFOPLIST_KEY_UISupportedInterfaceOrientations_iPad = "UIInterfaceOrientationPortrait UIInterfaceOrientationPortraitUpsideDown UIInterfaceOrientationLandscapeLeft UIInterfaceOrientationLandscapeRight";
				INFOPLIST_KEY_UISupportedInterfaceOrientations_iPhone = "UIInterfaceOrientationPortrait UIInterfaceOrientationLandscapeLeft UIInterfaceOrientationLandscapeRight";
				LD_RUNPATH_SEARCH_PATHS = (
					"$(inherited)",
					"@executable_path/Frameworks",
				);
				MARKETING_VERSION = 1.0;
				PRODUCT_BUNDLE_IDENTIFIER = nathan.mora.Pokedex;
				PRODUCT_NAME = "$(TARGET_NAME)";
				SWIFT_EMIT_LOC_STRINGS = YES;
				SWIFT_VERSION = 5.0;
				TARGETED_DEVICE_FAMILY = "1,2";
			};
			name = Debug;
		};
		0BBEE1492B1156E600FE20A7 /* Release */ = {
			isa = XCBuildConfiguration;
			baseConfigurationReference = AF669DCFFA425185BE184397 /* Pods-Pokedex.release.xcconfig */;
			buildSettings = {
				ASSETCATALOG_COMPILER_APPICON_NAME = AppIcon;
				ASSETCATALOG_COMPILER_GLOBAL_ACCENT_COLOR_NAME = AccentColor;
				CODE_SIGN_STYLE = Automatic;
				CURRENT_PROJECT_VERSION = 1;
				DEVELOPMENT_TEAM = 9CWTM4F934;
				GENERATE_INFOPLIST_FILE = YES;
				INFOPLIST_FILE = Pokedex/Info.plist;
				INFOPLIST_KEY_UIApplicationSupportsIndirectInputEvents = YES;
				INFOPLIST_KEY_UILaunchStoryboardName = LaunchScreen;
				INFOPLIST_KEY_UIMainStoryboardFile = Main;
				INFOPLIST_KEY_UISupportedInterfaceOrientations_iPad = "UIInterfaceOrientationPortrait UIInterfaceOrientationPortraitUpsideDown UIInterfaceOrientationLandscapeLeft UIInterfaceOrientationLandscapeRight";
				INFOPLIST_KEY_UISupportedInterfaceOrientations_iPhone = "UIInterfaceOrientationPortrait UIInterfaceOrientationLandscapeLeft UIInterfaceOrientationLandscapeRight";
				LD_RUNPATH_SEARCH_PATHS = (
					"$(inherited)",
					"@executable_path/Frameworks",
				);
				MARKETING_VERSION = 1.0;
				PRODUCT_BUNDLE_IDENTIFIER = nathan.mora.Pokedex;
				PRODUCT_NAME = "$(TARGET_NAME)";
				SWIFT_EMIT_LOC_STRINGS = YES;
				SWIFT_VERSION = 5.0;
				TARGETED_DEVICE_FAMILY = "1,2";
			};
			name = Release;
		};
/* End XCBuildConfiguration section */

/* Begin XCConfigurationList section */
		0BBEE12E2B1156E100FE20A7 /* Build configuration list for PBXProject "Pokedex" */ = {
			isa = XCConfigurationList;
			buildConfigurations = (
				0BBEE1452B1156E600FE20A7 /* Debug */,
				0BBEE1462B1156E600FE20A7 /* Release */,
			);
			defaultConfigurationIsVisible = 0;
			defaultConfigurationName = Release;
		};
		0BBEE1472B1156E600FE20A7 /* Build configuration list for PBXNativeTarget "Pokedex" */ = {
			isa = XCConfigurationList;
			buildConfigurations = (
				0BBEE1482B1156E600FE20A7 /* Debug */,
				0BBEE1492B1156E600FE20A7 /* Release */,
			);
			defaultConfigurationIsVisible = 0;
			defaultConfigurationName = Release;
		};
/* End XCConfigurationList section */
	};
	rootObject = 0BBEE12B2B1156E100FE20A7 /* Project object */;
}
